
Microsoft Visual Studio Solution File, Format Version 12.00
# Visual Studio 15
VisualStudioVersion = 15.0.27703.2042
MinimumVisualStudioVersion = 10.0.40219.1
Project("{888888A0-9F3D-457C-B088-3A5042F75D52}") = "Hangman", "Hangman.pyproj", "{94AE2C1D-ED7A-40E0-8921-000EC8D3CE28}"
EndProject
Global
	GlobalSection(SolutionConfigurationPlatforms) = preSolution
		Debug|Any CPU = Debug|Any CPU
		Release|Any CPU = Release|Any CPU
	EndGlobalSection
	GlobalSection(ProjectConfigurationPlatforms) = postSolution
		{94AE2C1D-ED7A-40E0-8921-000EC8D3CE28}.Debug|Any CPU.ActiveCfg = Debug|Any CPU
		{94AE2C1D-ED7A-40E0-8921-000EC8D3CE28}.Release|Any CPU.ActiveCfg = Release|Any CPU
	EndGlobalSection
	GlobalSection(SolutionProperties) = preSolution
		HideSolutionNode = FALSE
	EndGlobalSection
	GlobalSection(ExtensibilityGlobals) = postSolution
		SolutionGuid = {27D0C50C-450F-43B7-ABB0-FCF097589F96}
	EndGlobalSection
EndGlobal
